
Microsoft Visual Studio Solution File, Format Version 12.00
# Visual Studio Version 17
VisualStudioVersion = 17.3.32901.215
MinimumVisualStudioVersion = 10.0.40219.1
Project("{FAE04EC0-301F-11D3-BF4B-00C04F79EFBC}") = "Northwind_Final_Odevi", "Northwind_Final_Odevi\Northwind_Final_Odevi.csproj", "{11861F06-0881-4988-920D-052AC3F8FE64}"
EndProject
Project("{FAE04EC0-301F-11D3-BF4B-00C04F79EFBC}") = "Data", "Data\Data.csproj", "{87C1BF47-7C61-453E-A6E0-AE6A9D4C9798}"
EndProject
Project("{FAE04EC0-301F-11D3-BF4B-00C04F79EFBC}") = "Class", "Class\Class.csproj", "{75CCE220-8B52-4685-996D-30EA66EBD688}"
EndProject
Global
	GlobalSection(SolutionConfigurationPlatforms) = preSolution
		Debug|Any CPU = Debug|Any CPU
		Release|Any CPU = Release|Any CPU
	EndGlobalSection
	GlobalSection(ProjectConfigurationPlatforms) = postSolution
		{11861F06-0881-4988-920D-052AC3F8FE64}.Debug|Any CPU.ActiveCfg = Debug|Any CPU
		{11861F06-0881-4988-920D-052AC3F8FE64}.Debug|Any CPU.Build.0 = Debug|Any CPU
		{11861F06-0881-4988-920D-052AC3F8FE64}.Release|Any CPU.ActiveCfg = Release|Any CPU
		{11861F06-0881-4988-920D-052AC3F8FE64}.Release|Any CPU.Build.0 = Release|Any CPU
		{87C1BF47-7C61-453E-A6E0-AE6A9D4C9798}.Debug|Any CPU.ActiveCfg = Debug|Any CPU
		{87C1BF47-7C61-453E-A6E0-AE6A9D4C9798}.Debug|Any CPU.Build.0 = Debug|Any CPU
		{87C1BF47-7C61-453E-A6E0-AE6A9D4C9798}.Release|Any CPU.ActiveCfg = Release|Any CPU
		{87C1BF47-7C61-453E-A6E0-AE6A9D4C9798}.Release|Any CPU.Build.0 = Release|Any CPU
		{75CCE220-8B52-4685-996D-30EA66EBD688}.Debug|Any CPU.ActiveCfg = Debug|Any CPU
		{75CCE220-8B52-4685-996D-30EA66EBD688}.Debug|Any CPU.Build.0 = Debug|Any CPU
		{75CCE220-8B52-4685-996D-30EA66EBD688}.Release|Any CPU.ActiveCfg = Release|Any CPU
		{75CCE220-8B52-4685-996D-30EA66EBD688}.Release|Any CPU.Build.0 = Release|Any CPU
	EndGlobalSection
	GlobalSection(SolutionProperties) = preSolution
		HideSolutionNode = FALSE
	EndGlobalSection
	GlobalSection(ExtensibilityGlobals) = postSolution
		SolutionGuid = {E6F79146-3D7E-4D49-AB95-64BFF72C4087}
	EndGlobalSection
EndGlobal
